// !$*UTF8*$!
{
	archiveVersion = 1;
	classes = {
	};
	objectVersion = 56;
	objects = {

/* Begin PBXBuildFile section */
		CDF1AC4128F090380087892D /* movie_app_swiftApp.swift in Sources */ = {isa = PBXBuildFile; fileRef = CDF1AC4028F090380087892D /* movie_app_swiftApp.swift */; };
		CDF1AC4328F090380087892D /* ContentView.swift in Sources */ = {isa = PBXBuildFile; fileRef = CDF1AC4228F090380087892D /* ContentView.swift */; };
		CDF1AC4528F0903A0087892D /* Assets.xcassets in Resources */ = {isa = PBXBuildFile; fileRef = CDF1AC4428F0903A0087892D /* Assets.xcassets */; };
		CDF1AC4828F0903A0087892D /* Preview Assets.xcassets in Resources */ = {isa = PBXBuildFile; fileRef = CDF1AC4728F0903A0087892D /* Preview Assets.xcassets */; };
		CDF1AC5328F0A2080087892D /* HomeTabView.swift in Sources */ = {isa = PBXBuildFile; fileRef = CDF1AC5228F0A2080087892D /* HomeTabView.swift */; };
		CDF1AC5528F0A49F0087892D /* SettingsView.swift in Sources */ = {isa = PBXBuildFile; fileRef = CDF1AC5428F0A49F0087892D /* SettingsView.swift */; };
		CDF1AC5728F149CD0087892D /* MovieView.swift in Sources */ = {isa = PBXBuildFile; fileRef = CDF1AC5628F149CD0087892D /* MovieView.swift */; };
		CDF1AC5928F149E60087892D /* DiscoverView.swift in Sources */ = {isa = PBXBuildFile; fileRef = CDF1AC5828F149E60087892D /* DiscoverView.swift */; };
		CDF1AC5B28F14DAA0087892D /* Movie.swift in Sources */ = {isa = PBXBuildFile; fileRef = CDF1AC5A28F14DAA0087892D /* Movie.swift */; };
		CDF1AC5D28F150C40087892D /* Cast.swift in Sources */ = {isa = PBXBuildFile; fileRef = CDF1AC5C28F150C30087892D /* Cast.swift */; };
		CDF1AC5F28F151D40087892D /* Review.swift in Sources */ = {isa = PBXBuildFile; fileRef = CDF1AC5E28F151D40087892D /* Review.swift */; };
		CDF1AC6228F1539B0087892D /* Alamofire in Frameworks */ = {isa = PBXBuildFile; productRef = CDF1AC6128F1539B0087892D /* Alamofire */; };
		CDF1AC6428F153D60087892D /* NetworlManager.swift in Sources */ = {isa = PBXBuildFile; fileRef = CDF1AC6328F153D60087892D /* NetworlManager.swift */; };
		CDF1AC6628F156BD0087892D /* API.swift in Sources */ = {isa = PBXBuildFile; fileRef = CDF1AC6528F156BD0087892D /* API.swift */; };
		CDF1AC6828F157180087892D /* MovieURL.swift in Sources */ = {isa = PBXBuildFile; fileRef = CDF1AC6728F157180087892D /* MovieURL.swift */; };
		CDF1AC6A28F158470087892D /* MovieDownloadManager.swift in Sources */ = {isa = PBXBuildFile; fileRef = CDF1AC6928F158470087892D /* MovieDownloadManager.swift */; };
		CDF1AC6C28F15BD50087892D /* MovieReviewsManager.swift in Sources */ = {isa = PBXBuildFile; fileRef = CDF1AC6B28F15BD50087892D /* MovieReviewsManager.swift */; };
		CDF1AC6E28F1650A0087892D /* ImageLoading.swift in Sources */ = {isa = PBXBuildFile; fileRef = CDF1AC6D28F1650A0087892D /* ImageLoading.swift */; };
		CDF1AC7028F165950087892D /* ImageCache.swift in Sources */ = {isa = PBXBuildFile; fileRef = CDF1AC6F28F165950087892D /* ImageCache.swift */; };
		CDF1AC7228F16DB10087892D /* EnvironmentValues+ImageCache.swift in Sources */ = {isa = PBXBuildFile; fileRef = CDF1AC7128F16DB10087892D /* EnvironmentValues+ImageCache.swift */; };
		CDF1AC7428F16E540087892D /* AsyncImage.swift in Sources */ = {isa = PBXBuildFile; fileRef = CDF1AC7328F16E540087892D /* AsyncImage.swift */; };
		CDF1AC7628F287350087892D /* MovieCell.swift in Sources */ = {isa = PBXBuildFile; fileRef = CDF1AC7528F287350087892D /* MovieCell.swift */; };
		CDF1AC7828F29B0B0087892D /* MovieDetailView.swift in Sources */ = {isa = PBXBuildFile; fileRef = CDF1AC7728F29B0B0087892D /* MovieDetailView.swift */; };
		CDF1AC7A28F2B37F0087892D /* MovieReviewView.swift in Sources */ = {isa = PBXBuildFile; fileRef = CDF1AC7928F2B37F0087892D /* MovieReviewView.swift */; };
/* End PBXBuildFile section */

/* Begin PBXFileReference section */
		CDF1AC3D28F090380087892D /* movie_app_swift.app */ = {isa = PBXFileReference; explicitFileType = wrapper.application; includeInIndex = 0; path = movie_app_swift.app; sourceTree = BUILT_PRODUCTS_DIR; };
		CDF1AC4028F090380087892D /* movie_app_swiftApp.swift */ = {isa = PBXFileReference; lastKnownFileType = sourcecode.swift; path = movie_app_swiftApp.swift; sourceTree = "<group>"; };
		CDF1AC4228F090380087892D /* ContentView.swift */ = {isa = PBXFileReference; lastKnownFileType = sourcecode.swift; path = ContentView.swift; sourceTree = "<group>"; };
		CDF1AC4428F0903A0087892D /* Assets.xcassets */ = {isa = PBXFileReference; lastKnownFileType = folder.assetcatalog; path = Assets.xcassets; sourceTree = "<group>"; };
		CDF1AC4728F0903A0087892D /* Preview Assets.xcassets */ = {isa = PBXFileReference; lastKnownFileType = folder.assetcatalog; path = "Preview Assets.xcassets"; sourceTree = "<group>"; };
		CDF1AC5228F0A2080087892D /* HomeTabView.swift */ = {isa = PBXFileReference; lastKnownFileType = sourcecode.swift; path = HomeTabView.swift; sourceTree = "<group>"; };
		CDF1AC5428F0A49F0087892D /* SettingsView.swift */ = {isa = PBXFileReference; lastKnownFileType = sourcecode.swift; path = SettingsView.swift; sourceTree = "<group>"; };
		CDF1AC5628F149CD0087892D /* MovieView.swift */ = {isa = PBXFileReference; lastKnownFileType = sourcecode.swift; path = MovieView.swift; sourceTree = "<group>"; };
		CDF1AC5828F149E60087892D /* DiscoverView.swift */ = {isa = PBXFileReference; lastKnownFileType = sourcecode.swift; path = DiscoverView.swift; sourceTree = "<group>"; };
		CDF1AC5A28F14DAA0087892D /* Movie.swift */ = {isa = PBXFileReference; lastKnownFileType = sourcecode.swift; path = Movie.swift; sourceTree = "<group>"; };
		CDF1AC5C28F150C30087892D /* Cast.swift */ = {isa = PBXFileReference; lastKnownFileType = sourcecode.swift; path = Cast.swift; sourceTree = "<group>"; };
		CDF1AC5E28F151D40087892D /* Review.swift */ = {isa = PBXFileReference; lastKnownFileType = sourcecode.swift; path = Review.swift; sourceTree = "<group>"; };
		CDF1AC6328F153D60087892D /* NetworlManager.swift */ = {isa = PBXFileReference; lastKnownFileType = sourcecode.swift; path = NetworlManager.swift; sourceTree = "<group>"; };
		CDF1AC6528F156BD0087892D /* API.swift */ = {isa = PBXFileReference; lastKnownFileType = sourcecode.swift; path = API.swift; sourceTree = "<group>"; };
		CDF1AC6728F157180087892D /* MovieURL.swift */ = {isa = PBXFileReference; lastKnownFileType = sourcecode.swift; path = MovieURL.swift; sourceTree = "<group>"; };
		CDF1AC6928F158470087892D /* MovieDownloadManager.swift */ = {isa = PBXFileReference; lastKnownFileType = sourcecode.swift; path = MovieDownloadManager.swift; sourceTree = "<group>"; };
		CDF1AC6B28F15BD50087892D /* MovieReviewsManager.swift */ = {isa = PBXFileReference; lastKnownFileType = sourcecode.swift; path = MovieReviewsManager.swift; sourceTree = "<group>"; };
		CDF1AC6D28F1650A0087892D /* ImageLoading.swift */ = {isa = PBXFileReference; lastKnownFileType = sourcecode.swift; path = ImageLoading.swift; sourceTree = "<group>"; };
		CDF1AC6F28F165950087892D /* ImageCache.swift */ = {isa = PBXFileReference; lastKnownFileType = sourcecode.swift; path = ImageCache.swift; sourceTree = "<group>"; };
		CDF1AC7128F16DB10087892D /* EnvironmentValues+ImageCache.swift */ = {isa = PBXFileReference; lastKnownFileType = sourcecode.swift; path = "EnvironmentValues+ImageCache.swift"; sourceTree = "<group>"; };
		CDF1AC7328F16E540087892D /* AsyncImage.swift */ = {isa = PBXFileReference; lastKnownFileType = sourcecode.swift; path = AsyncImage.swift; sourceTree = "<group>"; };
		CDF1AC7528F287350087892D /* MovieCell.swift */ = {isa = PBXFileReference; lastKnownFileType = sourcecode.swift; path = MovieCell.swift; sourceTree = "<group>"; };
		CDF1AC7728F29B0B0087892D /* MovieDetailView.swift */ = {isa = PBXFileReference; lastKnownFileType = sourcecode.swift; path = MovieDetailView.swift; sourceTree = "<group>"; };
		CDF1AC7928F2B37F0087892D /* MovieReviewView.swift */ = {isa = PBXFileReference; lastKnownFileType = sourcecode.swift; path = MovieReviewView.swift; sourceTree = "<group>"; };
/* End PBXFileReference section */

/* Begin PBXFrameworksBuildPhase section */
		CDF1AC3A28F090380087892D /* Frameworks */ = {
			isa = PBXFrameworksBuildPhase;
			buildActionMask = 2147483647;
			files = (
				CDF1AC6228F1539B0087892D /* Alamofire in Frameworks */,
			);
			runOnlyForDeploymentPostprocessing = 0;
		};
/* End PBXFrameworksBuildPhase section */

/* Begin PBXGroup section */
		CDF1AC3428F090380087892D = {
			isa = PBXGroup;
			children = (
				CDF1AC3F28F090380087892D /* movie_app_swift */,
				CDF1AC3E28F090380087892D /* Products */,
			);
			sourceTree = "<group>";
		};
		CDF1AC3E28F090380087892D /* Products */ = {
			isa = PBXGroup;
			children = (
				CDF1AC3D28F090380087892D /* movie_app_swift.app */,
			);
			name = Products;
			sourceTree = "<group>";
		};
		CDF1AC3F28F090380087892D /* movie_app_swift */ = {
			isa = PBXGroup;
			children = (
				CDF1AC5128F0A1870087892D /* Views */,
				CDF1AC5028F0A17C0087892D /* Models */,
				CDF1AC4F28F0A14F0087892D /* Networking */,
				CDF1AC4E28F0A1280087892D /* AsyncImage */,
				CDF1AC4028F090380087892D /* movie_app_swiftApp.swift */,
				CDF1AC4228F090380087892D /* ContentView.swift */,
				CDF1AC4428F0903A0087892D /* Assets.xcassets */,
				CDF1AC4628F0903A0087892D /* Preview Content */,
			);
			path = movie_app_swift;
			sourceTree = "<group>";
		};
		CDF1AC4628F0903A0087892D /* Preview Content */ = {
			isa = PBXGroup;
			children = (
				CDF1AC4728F0903A0087892D /* Preview Assets.xcassets */,
			);
			path = "Preview Content";
			sourceTree = "<group>";
		};
		CDF1AC4E28F0A1280087892D /* AsyncImage */ = {
			isa = PBXGroup;
			children = (
				CDF1AC6D28F1650A0087892D /* ImageLoading.swift */,
				CDF1AC6F28F165950087892D /* ImageCache.swift */,
				CDF1AC7128F16DB10087892D /* EnvironmentValues+ImageCache.swift */,
				CDF1AC7328F16E540087892D /* AsyncImage.swift */,
			);
			path = AsyncImage;
			sourceTree = "<group>";
		};
		CDF1AC4F28F0A14F0087892D /* Networking */ = {
			isa = PBXGroup;
			children = (
				CDF1AC6328F153D60087892D /* NetworlManager.swift */,
				CDF1AC6528F156BD0087892D /* API.swift */,
				CDF1AC6728F157180087892D /* MovieURL.swift */,
				CDF1AC6928F158470087892D /* MovieDownloadManager.swift */,
				CDF1AC6B28F15BD50087892D /* MovieReviewsManager.swift */,
			);
			path = Networking;
			sourceTree = "<group>";
		};
		CDF1AC5028F0A17C0087892D /* Models */ = {
			isa = PBXGroup;
			children = (
				CDF1AC5A28F14DAA0087892D /* Movie.swift */,
				CDF1AC5C28F150C30087892D /* Cast.swift */,
				CDF1AC5E28F151D40087892D /* Review.swift */,
			);
			path = Models;
			sourceTree = "<group>";
		};
		CDF1AC5128F0A1870087892D /* Views */ = {
			isa = PBXGroup;
			children = (
				CDF1AC5228F0A2080087892D /* HomeTabView.swift */,
				CDF1AC5428F0A49F0087892D /* SettingsView.swift */,
				CDF1AC5628F149CD0087892D /* MovieView.swift */,
				CDF1AC5828F149E60087892D /* DiscoverView.swift */,
				CDF1AC7528F287350087892D /* MovieCell.swift */,
				CDF1AC7728F29B0B0087892D /* MovieDetailView.swift */,
				CDF1AC7928F2B37F0087892D /* MovieReviewView.swift */,
			);
			path = Views;
			sourceTree = "<group>";
		};
/* End PBXGroup section */

/* Begin PBXNativeTarget section */
		CDF1AC3C28F090380087892D /* movie_app_swift */ = {
			isa = PBXNativeTarget;
			buildConfigurationList = CDF1AC4B28F0903A0087892D /* Build configuration list for PBXNativeTarget "movie_app_swift" */;
			buildPhases = (
				CDF1AC3928F090380087892D /* Sources */,
				CDF1AC3A28F090380087892D /* Frameworks */,
				CDF1AC3B28F090380087892D /* Resources */,
			);
			buildRules = (
			);
			dependencies = (
			);
			name = movie_app_swift;
			packageProductDependencies = (
				CDF1AC6128F1539B0087892D /* Alamofire */,
			);
			productName = movie_app_swift;
			productReference = CDF1AC3D28F090380087892D /* movie_app_swift.app */;
			productType = "com.apple.product-type.application";
		};
/* End PBXNativeTarget section */

/* Begin PBXProject section */
		CDF1AC3528F090380087892D /* Project object */ = {
			isa = PBXProject;
			attributes = {
				BuildIndependentTargetsInParallel = 1;
				LastSwiftUpdateCheck = 1400;
				LastUpgradeCheck = 1400;
				TargetAttributes = {
					CDF1AC3C28F090380087892D = {
						CreatedOnToolsVersion = 14.0.1;
					};
				};
			};
			buildConfigurationList = CDF1AC3828F090380087892D /* Build configuration list for PBXProject "movie_app_swift" */;
			compatibilityVersion = "Xcode 14.0";
			developmentRegion = en;
			hasScannedForEncodings = 0;
			knownRegions = (
				en,
				Base,
			);
			mainGroup = CDF1AC3428F090380087892D;
			packageReferences = (
				CDF1AC6028F1539B0087892D /* XCRemoteSwiftPackageReference "Alamofire" */,
			);
			productRefGroup = CDF1AC3E28F090380087892D /* Products */;
			projectDirPath = "";
			projectRoot = "";
			targets = (
				CDF1AC3C28F090380087892D /* movie_app_swift */,
			);
		};
/* End PBXProject section */

/* Begin PBXResourcesBuildPhase section */
		CDF1AC3B28F090380087892D /* Resources */ = {
			isa = PBXResourcesBuildPhase;
			buildActionMask = 2147483647;
			files = (
				CDF1AC4828F0903A0087892D /* Preview Assets.xcassets in Resources */,
				CDF1AC4528F0903A0087892D /* Assets.xcassets in Resources */,
			);
			runOnlyForDeploymentPostprocessing = 0;
		};
/* End PBXResourcesBuildPhase section */

/* Begin PBXSourcesBuildPhase section */
		CDF1AC3928F090380087892D /* Sources */ = {
			isa = PBXSourcesBuildPhase;
			buildActionMask = 2147483647;
			files = (
				CDF1AC6628F156BD0087892D /* API.swift in Sources */,
				CDF1AC5D28F150C40087892D /* Cast.swift in Sources */,
				CDF1AC7028F165950087892D /* ImageCache.swift in Sources */,
				CDF1AC5B28F14DAA0087892D /* Movie.swift in Sources */,
				CDF1AC5F28F151D40087892D /* Review.swift in Sources */,
				CDF1AC5728F149CD0087892D /* MovieView.swift in Sources */,
				CDF1AC6A28F158470087892D /* MovieDownloadManager.swift in Sources */,
				CDF1AC5328F0A2080087892D /* HomeTabView.swift in Sources */,
				CDF1AC6428F153D60087892D /* NetworlManager.swift in Sources */,
				CDF1AC6C28F15BD50087892D /* MovieReviewsManager.swift in Sources */,
				CDF1AC7A28F2B37F0087892D /* MovieReviewView.swift in Sources */,
				CDF1AC7828F29B0B0087892D /* MovieDetailView.swift in Sources */,
				CDF1AC7428F16E540087892D /* AsyncImage.swift in Sources */,
				CDF1AC5528F0A49F0087892D /* SettingsView.swift in Sources */,
				CDF1AC7228F16DB10087892D /* EnvironmentValues+ImageCache.swift in Sources */,
				CDF1AC6828F157180087892D /* MovieURL.swift in Sources */,
				CDF1AC7628F287350087892D /* MovieCell.swift in Sources */,
				CDF1AC4328F090380087892D /* ContentView.swift in Sources */,
				CDF1AC6E28F1650A0087892D /* ImageLoading.swift in Sources */,
				CDF1AC4128F090380087892D /* movie_app_swiftApp.swift in Sources */,
				CDF1AC5928F149E60087892D /* DiscoverView.swift in Sources */,
			);
			runOnlyForDeploymentPostprocessing = 0;
		};
/* End PBXSourcesBuildPhase section */

/* Begin XCBuildConfiguration section */
		CDF1AC4928F0903A0087892D /* Debug */ = {
			isa = XCBuildConfiguration;
			buildSettings = {
				ALWAYS_SEARCH_USER_PATHS = NO;
				CLANG_ANALYZER_NONNULL = YES;
				CLANG_ANALYZER_NUMBER_OBJECT_CONVERSION = YES_AGGRESSIVE;
				CLANG_CXX_LANGUAGE_STANDARD = "gnu++20";
				CLANG_ENABLE_MODULES = YES;
				CLANG_ENABLE_OBJC_ARC = YES;
				CLANG_ENABLE_OBJC_WEAK = YES;
				CLANG_WARN_BLOCK_CAPTURE_AUTORELEASING = YES;
				CLANG_WARN_BOOL_CONVERSION = YES;
				CLANG_WARN_COMMA = YES;
				CLANG_WARN_CONSTANT_CONVERSION = YES;
				CLANG_WARN_DEPRECATED_OBJC_IMPLEMENTATIONS = YES;
				CLANG_WARN_DIRECT_OBJC_ISA_USAGE = YES_ERROR;
				CLANG_WARN_DOCUMENTATION_COMMENTS = YES;
				CLANG_WARN_EMPTY_BODY = YES;
				CLANG_WARN_ENUM_CONVERSION = YES;
				CLANG_WARN_INFINITE_RECURSION = YES;
				CLANG_WARN_INT_CONVERSION = YES;
				CLANG_WARN_NON_LITERAL_NULL_CONVERSION = YES;
				CLANG_WARN_OBJC_IMPLICIT_RETAIN_SELF = YES;
				CLANG_WARN_OBJC_LITERAL_CONVERSION = YES;
				CLANG_WARN_OBJC_ROOT_CLASS = YES_ERROR;
				CLANG_WARN_QUOTED_INCLUDE_IN_FRAMEWORK_HEADER = YES;
				CLANG_WARN_RANGE_LOOP_ANALYSIS = YES;
				CLANG_WARN_STRICT_PROTOTYPES = YES;
				CLANG_WARN_SUSPICIOUS_MOVE = YES;
				CLANG_WARN_UNGUARDED_AVAILABILITY = YES_AGGRESSIVE;
				CLANG_WARN_UNREACHABLE_CODE = YES;
				CLANG_WARN__DUPLICATE_METHOD_MATCH = YES;
				COPY_PHASE_STRIP = NO;
				DEBUG_INFORMATION_FORMAT = dwarf;
				ENABLE_STRICT_OBJC_MSGSEND = YES;
				ENABLE_TESTABILITY = YES;
				GCC_C_LANGUAGE_STANDARD = gnu11;
				GCC_DYNAMIC_NO_PIC = NO;
				GCC_NO_COMMON_BLOCKS = YES;
				GCC_OPTIMIZATION_LEVEL = 0;
				GCC_PREPROCESSOR_DEFINITIONS = (
					"DEBUG=1",
					"$(inherited)",
				);
				GCC_WARN_64_TO_32_BIT_CONVERSION = YES;
				GCC_WARN_ABOUT_RETURN_TYPE = YES_ERROR;
				GCC_WARN_UNDECLARED_SELECTOR = YES;
				GCC_WARN_UNINITIALIZED_AUTOS = YES_AGGRESSIVE;
				GCC_WARN_UNUSED_FUNCTION = YES;
				GCC_WARN_UNUSED_VARIABLE = YES;
				IPHONEOS_DEPLOYMENT_TARGET = 16.0;
				MTL_ENABLE_DEBUG_INFO = INCLUDE_SOURCE;
				MTL_FAST_MATH = YES;
				ONLY_ACTIVE_ARCH = YES;
				SDKROOT = iphoneos;
				SWIFT_ACTIVE_COMPILATION_CONDITIONS = DEBUG;
				SWIFT_OPTIMIZATION_LEVEL = "-Onone";
			};
			name = Debug;
		};
		CDF1AC4A28F0903A0087892D /* Release */ = {
			isa = XCBuildConfiguration;
			buildSettings = {
				ALWAYS_SEARCH_USER_PATHS = NO;
				CLANG_ANALYZER_NONNULL = YES;
				CLANG_ANALYZER_NUMBER_OBJECT_CONVERSION = YES_AGGRESSIVE;
				CLANG_CXX_LANGUAGE_STANDARD = "gnu++20";
				CLANG_ENABLE_MODULES = YES;
				CLANG_ENABLE_OBJC_ARC = YES;
				CLANG_ENABLE_OBJC_WEAK = YES;
				CLANG_WARN_BLOCK_CAPTURE_AUTORELEASING = YES;
				CLANG_WARN_BOOL_CONVERSION = YES;
				CLANG_WARN_COMMA = YES;
				CLANG_WARN_CONSTANT_CONVERSION = YES;
				CLANG_WARN_DEPRECATED_OBJC_IMPLEMENTATIONS = YES;
				CLANG_WARN_DIRECT_OBJC_ISA_USAGE = YES_ERROR;
				CLANG_WARN_DOCUMENTATION_COMMENTS = YES;
				CLANG_WARN_EMPTY_BODY = YES;
				CLANG_WARN_ENUM_CONVERSION = YES;
				CLANG_WARN_INFINITE_RECURSION = YES;
				CLANG_WARN_INT_CONVERSION = YES;
				CLANG_WARN_NON_LITERAL_NULL_CONVERSION = YES;
				CLANG_WARN_OBJC_IMPLICIT_RETAIN_SELF = YES;
				CLANG_WARN_OBJC_LITERAL_CONVERSION = YES;
				CLANG_WARN_OBJC_ROOT_CLASS = YES_ERROR;
				CLANG_WARN_QUOTED_INCLUDE_IN_FRAMEWORK_HEADER = YES;
				CLANG_WARN_RANGE_LOOP_ANALYSIS = YES;
				CLANG_WARN_STRICT_PROTOTYPES = YES;
				CLANG_WARN_SUSPICIOUS_MOVE = YES;
				CLANG_WARN_UNGUARDED_AVAILABILITY = YES_AGGRESSIVE;
				CLANG_WARN_UNREACHABLE_CODE = YES;
				CLANG_WARN__DUPLICATE_METHOD_MATCH = YES;
				COPY_PHASE_STRIP = NO;
				DEBUG_INFORMATION_FORMAT = "dwarf-with-dsym";
				ENABLE_NS_ASSERTIONS = NO;
				ENABLE_STRICT_OBJC_MSGSEND = YES;
				GCC_C_LANGUAGE_STANDARD = gnu11;
				GCC_NO_COMMON_BLOCKS = YES;
				GCC_WARN_64_TO_32_BIT_CONVERSION = YES;
				GCC_WARN_ABOUT_RETURN_TYPE = YES_ERROR;
				GCC_WARN_UNDECLARED_SELECTOR = YES;
				GCC_WARN_UNINITIALIZED_AUTOS = YES_AGGRESSIVE;
				GCC_WARN_UNUSED_FUNCTION = YES;
				GCC_WARN_UNUSED_VARIABLE = YES;
				IPHONEOS_DEPLOYMENT_TARGET = 16.0;
				MTL_ENABLE_DEBUG_INFO = NO;
				MTL_FAST_MATH = YES;
				SDKROOT = iphoneos;
				SWIFT_COMPILATION_MODE = wholemodule;
				SWIFT_OPTIMIZATION_LEVEL = "-O";
				VALIDATE_PRODUCT = YES;
			};
			name = Release;
		};
		CDF1AC4C28F0903A0087892D /* Debug */ = {
			isa = XCBuildConfiguration;
			buildSettings = {
				ASSETCATALOG_COMPILER_APPICON_NAME = AppIcon;
				ASSETCATALOG_COMPILER_GLOBAL_ACCENT_COLOR_NAME = AccentColor;
				CODE_SIGN_STYLE = Automatic;
				CURRENT_PROJECT_VERSION = 1;
				DEVELOPMENT_ASSET_PATHS = "\"movie_app_swift/Preview Content\"";
				DEVELOPMENT_TEAM = 6XZ7XW7Z33;
				ENABLE_PREVIEWS = YES;
				GENERATE_INFOPLIST_FILE = YES;
				INFOPLIST_KEY_UIApplicationSceneManifest_Generation = YES;
				INFOPLIST_KEY_UIApplicationSupportsIndirectInputEvents = YES;
				INFOPLIST_KEY_UILaunchScreen_Generation = YES;
				INFOPLIST_KEY_UISupportedInterfaceOrientations_iPad = "UIInterfaceOrientationPortrait UIInterfaceOrientationPortraitUpsideDown UIInterfaceOrientationLandscapeLeft UIInterfaceOrientationLandscapeRight";
				INFOPLIST_KEY_UISupportedInterfaceOrientations_iPhone = "UIInterfaceOrientationPortrait UIInterfaceOrientationLandscapeLeft UIInterfaceOrientationLandscapeRight";
				IPHONEOS_DEPLOYMENT_TARGET = 15.0;
				LD_RUNPATH_SEARCH_PATHS = (
					"$(inherited)",
					"@executable_path/Frameworks",
				);
				MARKETING_VERSION = 1.0;
				PRODUCT_BUNDLE_IDENTIFIER = "pino.movie-app-swift";
				PRODUCT_NAME = "$(TARGET_NAME)";
				SWIFT_EMIT_LOC_STRINGS = YES;
				SWIFT_VERSION = 5.0;
				TARGETED_DEVICE_FAMILY = "1,2";
			};
			name = Debug;
		};
		CDF1AC4D28F0903A0087892D /* Release */ = {
			isa = XCBuildConfiguration;
			buildSettings = {
				ASSETCATALOG_COMPILER_APPICON_NAME = AppIcon;
				ASSETCATALOG_COMPILER_GLOBAL_ACCENT_COLOR_NAME = AccentColor;
				CODE_SIGN_STYLE = Automatic;
				CURRENT_PROJECT_VERSION = 1;
				DEVELOPMENT_ASSET_PATHS = "\"movie_app_swift/Preview Content\"";
				DEVELOPMENT_TEAM = 6XZ7XW7Z33;
				ENABLE_PREVIEWS = YES;
				GENERATE_INFOPLIST_FILE = YES;
				INFOPLIST_KEY_UIApplicationSceneManifest_Generation = YES;
				INFOPLIST_KEY_UIApplicationSupportsIndirectInputEvents = YES;
				INFOPLIST_KEY_UILaunchScreen_Generation = YES;
				INFOPLIST_KEY_UISupportedInterfaceOrientations_iPad = "UIInterfaceOrientationPortrait UIInterfaceOrientationPortraitUpsideDown UIInterfaceOrientationLandscapeLeft UIInterfaceOrientationLandscapeRight";
				INFOPLIST_KEY_UISupportedInterfaceOrientations_iPhone = "UIInterfaceOrientationPortrait UIInterfaceOrientationLandscapeLeft UIInterfaceOrientationLandscapeRight";
				IPHONEOS_DEPLOYMENT_TARGET = 15.0;
				LD_RUNPATH_SEARCH_PATHS = (
					"$(inherited)",
					"@executable_path/Frameworks",
				);
				MARKETING_VERSION = 1.0;
				PRODUCT_BUNDLE_IDENTIFIER = "pino.movie-app-swift";
				PRODUCT_NAME = "$(TARGET_NAME)";
				SWIFT_EMIT_LOC_STRINGS = YES;
				SWIFT_VERSION = 5.0;
				TARGETED_DEVICE_FAMILY = "1,2";
			};
			name = Release;
		};
/* End XCBuildConfiguration section */

/* Begin XCConfigurationList section */
		CDF1AC3828F090380087892D /* Build configuration list for PBXProject "movie_app_swift" */ = {
			isa = XCConfigurationList;
			buildConfigurations = (
				CDF1AC4928F0903A0087892D /* Debug */,
				CDF1AC4A28F0903A0087892D /* Release */,
			);
			defaultConfigurationIsVisible = 0;
			defaultConfigurationName = Release;
		};
		CDF1AC4B28F0903A0087892D /* Build configuration list for PBXNativeTarget "movie_app_swift" */ = {
			isa = XCConfigurationList;
			buildConfigurations = (
				CDF1AC4C28F0903A0087892D /* Debug */,
				CDF1AC4D28F0903A0087892D /* Release */,
			);
			defaultConfigurationIsVisible = 0;
			defaultConfigurationName = Release;
		};
/* End XCConfigurationList section */

/* Begin XCRemoteSwiftPackageReference section */
		CDF1AC6028F1539B0087892D /* XCRemoteSwiftPackageReference "Alamofire" */ = {
			isa = XCRemoteSwiftPackageReference;
			repositoryURL = "https://github.com/Alamofire/Alamofire.git";
			requirement = {
				kind = upToNextMajorVersion;
				minimumVersion = 5.4.1;
			};
		};
/* End XCRemoteSwiftPackageReference section */

/* Begin XCSwiftPackageProductDependency section */
		CDF1AC6128F1539B0087892D /* Alamofire */ = {
			isa = XCSwiftPackageProductDependency;
			package = CDF1AC6028F1539B0087892D /* XCRemoteSwiftPackageReference "Alamofire" */;
			productName = Alamofire;
		};
/* End XCSwiftPackageProductDependency section */
	};
	rootObject = CDF1AC3528F090380087892D /* Project object */;
}
